
Microsoft Visual Studio Solution File, Format Version 12.00
# Visual Studio 15
VisualStudioVersion = 15.0.27703.2018
MinimumVisualStudioVersion = 10.0.40219.1
Project("{FAE04EC0-301F-11D3-BF4B-00C04F79EFBC}") = "NeuroGus.Core", "NeuroGus.Core\NeuroGus.Core.csproj", "{59F64696-5E41-43EF-8484-9ACD0C9B9866}"
EndProject
Project("{FAE04EC0-301F-11D3-BF4B-00C04F79EFBC}") = "NeuroGus.Wpf", "NeuroGus.Wpf\NeuroGus.Wpf.csproj", "{6FE4C059-DF10-43B7-9077-D20749F28BA8}"
EndProject
Global
	GlobalSection(SolutionConfigurationPlatforms) = preSolution
		Debug|Any CPU = Debug|Any CPU
		Release|Any CPU = Release|Any CPU
	EndGlobalSection
	GlobalSection(ProjectConfigurationPlatforms) = postSolution
		{59F64696-5E41-43EF-8484-9ACD0C9B9866}.Debug|Any CPU.ActiveCfg = Debug|Any CPU
		{59F64696-5E41-43EF-8484-9ACD0C9B9866}.Debug|Any CPU.Build.0 = Debug|Any CPU
		{59F64696-5E41-43EF-8484-9ACD0C9B9866}.Release|Any CPU.ActiveCfg = Release|Any CPU
		{59F64696-5E41-43EF-8484-9ACD0C9B9866}.Release|Any CPU.Build.0 = Release|Any CPU
		{6FE4C059-DF10-43B7-9077-D20749F28BA8}.Debug|Any CPU.ActiveCfg = Debug|Any CPU
		{6FE4C059-DF10-43B7-9077-D20749F28BA8}.Debug|Any CPU.Build.0 = Debug|Any CPU
		{6FE4C059-DF10-43B7-9077-D20749F28BA8}.Release|Any CPU.ActiveCfg = Release|Any CPU
		{6FE4C059-DF10-43B7-9077-D20749F28BA8}.Release|Any CPU.Build.0 = Release|Any CPU
	EndGlobalSection
	GlobalSection(SolutionProperties) = preSolution
		HideSolutionNode = FALSE
	EndGlobalSection
	GlobalSection(ExtensibilityGlobals) = postSolution
		SolutionGuid = {C4D923AA-97EB-41C3-B29B-455EDFD70205}
	EndGlobalSection
EndGlobal
